NeoBundleLock neobundle.vim 92bfcb3c5ece7de46d728bcaf1ef0f3959a6bb58
NeoBundleLock neocomplcache 778181767467b8f8016828898779a646074d883a
NeoBundleLock neomru.vim b12f9a57ce83af86e585e1f23611f5a243d9fa60
NeoBundleLock nerdtree af85499edace2acca27ce41790ac333f62b689bb
NeoBundleLock syntastic 84b4da7cff9a49992c2df86ec893db9a7e794eff
NeoBundleLock tcomment_vim 986ead39a4ea97e25e5a010e64d26e85895fc4fe
NeoBundleLock unite.vim 66196701d05e7b941607ca28b1dcc67ef7c5c133
NeoBundleLock vim-fugitive 1c844375fa2762e3b7c16294fa36afee6fef28b1
NeoBundleLock vimproc c286dcbdfca9e0ee1a4cb90f09c3f03638112f5a
